# THIS IS AN AUTOGENERATED FILE. DO NOT EDIT THIS FILE DIRECTLY.
# yarn lockfile v1


"@codevise/activeadmin-searchable_select@^1.8.0":
  version "1.8.0"
  resolved "https://registry.yarnpkg.com/@codevise/activeadmin-searchable_select/-/activeadmin-searchable_select-1.8.0.tgz#b7b4b998d6d468e96a32326dd13b68f22a19527a"
  integrity sha512-CLOC1EKtgkWmFVRzCt2EbUmoIG7cQPPE7sOrWgEpUnWLA1vKEOor38wgvR3bqDcYQXstsjCdim1PVBkXr+mTbw==
  dependencies:
    jquery ">= 3.0, < 5"
    select2 "~> 4.0"

"jquery@>= 3.0, < 5":
  version "3.7.1"
  resolved "https://registry.yarnpkg.com/jquery/-/jquery-3.7.1.tgz#083ef98927c9a6a74d05a6af02806566d16274de"
  integrity sha512-m4avr8yL8kmFN8psrbFFFmB/If14iN5o9nw/NgnnM+kybDJpRsAynV2BsfpTYrTRysYUdADVD7CkUUizgkpLfg==

"select2@~> 4.0":
  version "4.0.13"
  resolved "https://registry.yarnpkg.com/select2/-/select2-4.0.13.tgz#0dbe377df3f96167c4c1626033e924372d8ef44d"
  integrity sha512-1JeB87s6oN/TDxQQYCvS5EFoQyvV6eYMZZ0AeA4tdFDYWN3BAGZ8npr17UBFddU0lgAt3H0yjX3X6/ekOj1yjw==
